// !$*UTF8*$!
{
	archiveVersion = 1;
	classes = {
	};
	objectVersion = 46;
	objects = {

/* Begin PBXBuildFile section */
		BC330D2E1AC9053A009F3E6B /* main.m in Sources */ = {isa = PBXBuildFile; fileRef = BC330D2D1AC9053A009F3E6B /* main.m */; };
		BC330D311AC9053A009F3E6B /* AppDelegate.m in Sources */ = {isa = PBXBuildFile; fileRef = BC330D301AC9053A009F3E6B /* AppDelegate.m */; };
		BC330D341AC9053B009F3E6B /* ViewController.m in Sources */ = {isa = PBXBuildFile; fileRef = BC330D331AC9053B009F3E6B /* ViewController.m */; };
		BC330D371AC9053B009F3E6B /* Main.storyboard in Resources */ = {isa = PBXBuildFile; fileRef = BC330D351AC9053B009F3E6B /* Main.storyboard */; };
		BC330D391AC9053B009F3E6B /* Images.xcassets in Resources */ = {isa = PBXBuildFile; fileRef = BC330D381AC9053B009F3E6B /* Images.xcassets */; };
		BC330D3C1AC9053B009F3E6B /* LaunchScreen.xib in Resources */ = {isa = PBXBuildFile; fileRef = BC330D3A1AC9053B009F3E6B /* LaunchScreen.xib */; };
		BC330D481AC9053B009F3E6B /* _111Tests.m in Sources */ = {isa = PBXBuildFile; fileRef = BC330D471AC9053B009F3E6B /* _111Tests.m */; };
/* End PBXBuildFile section */

/* Begin PBXContainerItemProxy section */
		BC330D421AC9053B009F3E6B /* PBXContainerItemProxy */ = {
			isa = PBXContainerItemProxy;
			containerPortal = BC330D201AC9053A009F3E6B /* Project object */;
			proxyType = 1;
			remoteGlobalIDString = BC330D271AC9053A009F3E6B;
			remoteInfo = 1111;
		};
/* End PBXContainerItemProxy section */

/* Begin PBXFileReference section */
		BC330D281AC9053A009F3E6B /* 1111.app */ = {isa = PBXFileReference; explicitFileType = wrapper.application; includeInIndex = 0; path = 1111.app; sourceTree = BUILT_PRODUCTS_DIR; };
		BC330D2C1AC9053A009F3E6B /* Info.plist */ = {isa = PBXFileReference; lastKnownFileType = text.plist.xml; path = Info.plist; sourceTree = "<group>"; };
		BC330D2D1AC9053A009F3E6B /* main.m */ = {isa = PBXFileReference; lastKnownFileType = sourcecode.c.objc; path = main.m; sourceTree = "<group>"; };
		BC330D2F1AC9053A009F3E6B /* AppDelegate.h */ = {isa = PBXFileReference; lastKnownFileType = sourcecode.c.h; path = AppDelegate.h; sourceTree = "<group>"; };
		BC330D301AC9053A009F3E6B /* AppDelegate.m */ = {isa = PBXFileReference; lastKnownFileType = sourcecode.c.objc; path = AppDelegate.m; sourceTree = "<group>"; };
		BC330D321AC9053A009F3E6B /* ViewController.h */ = {isa = PBXFileReference; lastKnownFileType = sourcecode.c.h; path = ViewController.h; sourceTree = "<group>"; };
		BC330D331AC9053B009F3E6B /* ViewController.m */ = {isa = PBXFileReference; lastKnownFileType = sourcecode.c.objc; path = ViewController.m; sourceTree = "<group>"; };
		BC330D361AC9053B009F3E6B /* Base */ = {isa = PBXFileReference; lastKnownFileType = file.storyboard; name = Base; path = Base.lproj/Main.storyboard; sourceTree = "<group>"; };
		BC330D381AC9053B009F3E6B /* Images.xcassets */ = {isa = PBXFileReference; lastKnownFileType = folder.assetcatalog; path = Images.xcassets; sourceTree = "<group>"; };
		BC330D3B1AC9053B009F3E6B /* Base */ = {isa = PBXFileReference; lastKnownFileType = file.xib; name = Base; path = Base.lproj/LaunchScreen.xib; sourceTree = "<group>"; };
		BC330D411AC9053B009F3E6B /* 1111Tests.xctest */ = {isa = PBXFileReference; explicitFileType = wrapper.cfbundle; includeInIndex = 0; path = 1111Tests.xctest; sourceTree = BUILT_PRODUCTS_DIR; };
		BC330D461AC9053B009F3E6B /* Info.plist */ = {isa = PBXFileReference; lastKnownFileType = text.plist.xml; path = Info.plist; sourceTree = "<group>"; };
		BC330D471AC9053B009F3E6B /* _111Tests.m */ = {isa = PBXFileReference; lastKnownFileType = sourcecode.c.objc; path = _111Tests.m; sourceTree = "<group>"; };
/* End PBXFileReference section */

/* Begin PBXFrameworksBuildPhase section */
		BC330D251AC9053A009F3E6B /* Frameworks */ = {
			isa = PBXFrameworksBuildPhase;
			buildActionMask = 2147483647;
			files = (
			);
			runOnlyForDeploymentPostprocessing = 0;
		};
		BC330D3E1AC9053B009F3E6B /* Frameworks */ = {
			isa = PBXFrameworksBuildPhase;
			buildActionMask = 2147483647;
			files = (
			);
			runOnlyForDeploymentPostprocessing = 0;
		};
/* End PBXFrameworksBuildPhase section */

/* Begin PBXGroup section */
		BC330D1F1AC9053A009F3E6B = {
			isa = PBXGroup;
			children = (
				BC330D2A1AC9053A009F3E6B /* 1111 */,
				BC330D441AC9053B009F3E6B /* 1111Tests */,
				BC330D291AC9053A009F3E6B /* Products */,
			);
			sourceTree = "<group>";
		};
		BC330D291AC9053A009F3E6B /* Products */ = {
			isa = PBXGroup;
			children = (
				BC330D281AC9053A009F3E6B /* 1111.app */,
				BC330D411AC9053B009F3E6B /* 1111Tests.xctest */,
			);
			name = Products;
			sourceTree = "<group>";
		};
		BC330D2A1AC9053A009F3E6B /* 1111 */ = {
			isa = PBXGroup;
			children = (
				BC330D2F1AC9053A009F3E6B /* AppDelegate.h */,
				BC330D301AC9053A009F3E6B /* AppDelegate.m */,
				BC330D321AC9053A009F3E6B /* ViewController.h */,
				BC330D331AC9053B009F3E6B /* ViewController.m */,
				BC330D351AC9053B009F3E6B /* Main.storyboard */,
				BC330D381AC9053B009F3E6B /* Images.xcassets */,
				BC330D3A1AC9053B009F3E6B /* LaunchScreen.xib */,
				BC330D2B1AC9053A009F3E6B /* Supporting Files */,
			);
			path = 1111;
			sourceTree = "<group>";
		};
		BC330D2B1AC9053A009F3E6B /* Supporting Files */ = {
			isa = PBXGroup;
			children = (
				BC330D2C1AC9053A009F3E6B /* Info.plist */,
				BC330D2D1AC9053A009F3E6B /* main.m */,
			);
			name = "Supporting Files";
			sourceTree = "<group>";
		};
		BC330D441AC9053B009F3E6B /* 1111Tests */ = {
			isa = PBXGroup;
			children = (
				BC330D471AC9053B009F3E6B /* _111Tests.m */,
				BC330D451AC9053B009F3E6B /* Supporting Files */,
			);
			path = 1111Tests;
			sourceTree = "<group>";
		};
		BC330D451AC9053B009F3E6B /* Supporting Files */ = {
			isa = PBXGroup;
			children = (
				BC330D461AC9053B009F3E6B /* Info.plist */,
			);
			name = "Supporting Files";
			sourceTree = "<group>";
		};
/* End PBXGroup section */

/* Begin PBXNativeTarget section */
		BC330D271AC9053A009F3E6B /* 1111 */ = {
			isa = PBXNativeTarget;
			buildConfigurationList = BC330D4B1AC9053B009F3E6B /* Build configuration list for PBXNativeTarget "1111" */;
			buildPhases = (
				BC330D241AC9053A009F3E6B /* Sources */,
				BC330D251AC9053A009F3E6B /* Frameworks */,
				BC330D261AC9053A009F3E6B /* Resources */,
			);
			buildRules = (
			);
			dependencies = (
			);
			name = 1111;
			productName = 1111;
			productReference = BC330D281AC9053A009F3E6B /* 1111.app */;
			productType = "com.apple.product-type.application";
		};
		BC330D401AC9053B009F3E6B /* 1111Tests */ = {
			isa = PBXNativeTarget;
			buildConfigurationList = BC330D4E1AC9053B009F3E6B /* Build configuration list for PBXNativeTarget "1111Tests" */;
			buildPhases = (
				BC330D3D1AC9053B009F3E6B /* Sources */,
				BC330D3E1AC9053B009F3E6B /* Frameworks */,
				BC330D3F1AC9053B009F3E6B /* Resources */,
			);
			buildRules = (
			);
			dependencies = (
				BC330D431AC9053B009F3E6B /* PBXTargetDependency */,
			);
			name = 1111Tests;
			productName = 1111Tests;
			productReference = BC330D411AC9053B009F3E6B /* 1111Tests.xctest */;
			productType = "com.apple.product-type.bundle.unit-test";
		};
/* End PBXNativeTarget section */

/* Begin PBXProject section */
		BC330D201AC9053A009F3E6B /* Project object */ = {
			isa = PBXProject;
			attributes = {
				LastUpgradeCheck = 0620;
				ORGANIZATIONNAME = "海波";
				TargetAttributes = {
					BC330D271AC9053A009F3E6B = {
						CreatedOnToolsVersion = 6.2;
					};
					BC330D401AC9053B009F3E6B = {
						CreatedOnToolsVersion = 6.2;
						TestTargetID = BC330D271AC9053A009F3E6B;
					};
				};
			};
			buildConfigurationList = BC330D231AC9053A009F3E6B /* Build configuration list for PBXProject "1111" */;
			compatibilityVersion = "Xcode 3.2";
			developmentRegion = English;
			hasScannedForEncodings = 0;
			knownRegions = (
				en,
				Base,
			);
			mainGroup = BC330D1F1AC9053A009F3E6B;
			productRefGroup = BC330D291AC9053A009F3E6B /* Products */;
			projectDirPath = "";
			projectRoot = "";
			targets = (
				BC330D271AC9053A009F3E6B /* 1111 */,
				BC330D401AC9053B009F3E6B /* 1111Tests */,
			);
		};
/* End PBXProject section */

/* Begin PBXResourcesBuildPhase section */
		BC330D261AC9053A009F3E6B /* Resources */ = {
			isa = PBXResourcesBuildPhase;
			buildActionMask = 2147483647;
			files = (
				BC330D371AC9053B009F3E6B /* Main.storyboard in Resources */,
				BC330D3C1AC9053B009F3E6B /* LaunchScreen.xib in Resources */,
				BC330D391AC9053B009F3E6B /* Images.xcassets in Resources */,
			);
			runOnlyForDeploymentPostprocessing = 0;
		};
		BC330D3F1AC9053B009F3E6B /* Resources */ = {
			isa = PBXResourcesBuildPhase;
			buildActionMask = 2147483647;
			files = (
			);
			runOnlyForDeploymentPostprocessing = 0;
		};
/* End PBXResourcesBuildPhase section */

/* Begin PBXSourcesBuildPhase section */
		BC330D241AC9053A009F3E6B /* Sources */ = {
			isa = PBXSourcesBuildPhase;
			buildActionMask = 2147483647;
			files = (
				BC330D341AC9053B009F3E6B /* ViewController.m in Sources */,
				BC330D311AC9053A009F3E6B /* AppDelegate.m in Sources */,
				BC330D2E1AC9053A009F3E6B /* main.m in Sources */,
			);
			runOnlyForDeploymentPostprocessing = 0;
		};
		BC330D3D1AC9053B009F3E6B /* Sources */ = {
			isa = PBXSourcesBuildPhase;
			buildActionMask = 2147483647;
			files = (
				BC330D481AC9053B009F3E6B /* _111Tests.m in Sources */,
			);
			runOnlyForDeploymentPostprocessing = 0;
		};
/* End PBXSourcesBuildPhase section */

/* Begin PBXTargetDependency section */
		BC330D431AC9053B009F3E6B /* PBXTargetDependency */ = {
			isa = PBXTargetDependency;
			target = BC330D271AC9053A009F3E6B /* 1111 */;
			targetProxy = BC330D421AC9053B009F3E6B /* PBXContainerItemProxy */;
		};
/* End PBXTargetDependency section */

/* Begin PBXVariantGroup section */
		BC330D351AC9053B009F3E6B /* Main.storyboard */ = {
			isa = PBXVariantGroup;
			children = (
				BC330D361AC9053B009F3E6B /* Base */,
			);
			name = Main.storyboard;
			sourceTree = "<group>";
		};
		BC330D3A1AC9053B009F3E6B /* LaunchScreen.xib */ = {
			isa = PBXVariantGroup;
			children = (
				BC330D3B1AC9053B009F3E6B /* Base */,
			);
			name = LaunchScreen.xib;
			sourceTree = "<group>";
		};
/* End PBXVariantGroup section */

/* Begin XCBuildConfiguration section */
		BC330D491AC9053B009F3E6B /* Debug */ = {
			isa = XCBuildConfiguration;
			buildSettings = {
				ALWAYS_SEARCH_USER_PATHS = NO;
				CLANG_CXX_LANGUAGE_STANDARD = "gnu++0x";
				CLANG_CXX_LIBRARY = "libc++";
				CLANG_ENABLE_MODULES = YES;
				CLANG_ENABLE_OBJC_ARC = YES;
				CLANG_WARN_BOOL_CONVERSION = YES;
				CLANG_WARN_CONSTANT_CONVERSION = YES;
				CLANG_WARN_DIRECT_OBJC_ISA_USAGE = YES_ERROR;
				CLANG_WARN_EMPTY_BODY = YES;
				CLANG_WARN_ENUM_CONVERSION = YES;
				CLANG_WARN_INT_CONVERSION = YES;
				CLANG_WARN_OBJC_ROOT_CLASS = YES_ERROR;
				CLANG_WARN_UNREACHABLE_CODE = YES;
				CLANG_WARN__DUPLICATE_METHOD_MATCH = YES;
				"CODE_SIGN_IDENTITY[sdk=iphoneos*]" = "iPhone Developer";
				COPY_PHASE_STRIP = NO;
				ENABLE_STRICT_OBJC_MSGSEND = YES;
				GCC_C_LANGUAGE_STANDARD = gnu99;
				GCC_DYNAMIC_NO_PIC = NO;
				GCC_OPTIMIZATION_LEVEL = 0;
				GCC_PREPROCESSOR_DEFINITIONS = (
					"DEBUG=1",
					"$(inherited)",
				);
				GCC_SYMBOLS_PRIVATE_EXTERN = NO;
				GCC_WARN_64_TO_32_BIT_CONVERSION = YES;
				GCC_WARN_ABOUT_RETURN_TYPE = YES_ERROR;
				GCC_WARN_UNDECLARED_SELECTOR = YES;
				GCC_WARN_UNINITIALIZED_AUTOS = YES_AGGRESSIVE;
				GCC_WARN_UNUSED_FUNCTION = YES;
				GCC_WARN_UNUSED_VARIABLE = YES;
				IPHONEOS_DEPLOYMENT_TARGET = 8.2;
				MTL_ENABLE_DEBUG_INFO = YES;
				ONLY_ACTIVE_ARCH = YES;
				SDKROOT = iphoneos;
			};
			name = Debug;
		};
		BC330D4A1AC9053B009F3E6B /* Release */ = {
			isa = XCBuildConfiguration;
			buildSettings = {
				ALWAYS_SEARCH_USER_PATHS = NO;
				CLANG_CXX_LANGUAGE_STANDARD = "gnu++0x";
				CLANG_CXX_LIBRARY = "libc++";
				CLANG_ENABLE_MODULES = YES;
				CLANG_ENABLE_OBJC_ARC = YES;
				CLANG_WARN_BOOL_CONVERSION = YES;
				CLANG_WARN_CONSTANT_CONVERSION = YES;
				CLANG_WARN_DIRECT_OBJC_ISA_USAGE = YES_ERROR;
				CLANG_WARN_EMPTY_BODY = YES;
				CLANG_WARN_ENUM_CONVERSION = YES;
				CLANG_WARN_INT_CONVERSION = YES;
				CLANG_WARN_OBJC_ROOT_CLASS = YES_ERROR;
				CLANG_WARN_UNREACHABLE_CODE = YES;
				CLANG_WARN__DUPLICATE_METHOD_MATCH = YES;
				"CODE_SIGN_IDENTITY[sdk=iphoneos*]" = "iPhone Developer";
				COPY_PHASE_STRIP = NO;
				ENABLE_NS_ASSERTIONS = NO;
				ENABLE_STRICT_OBJC_MSGSEND = YES;
				GCC_C_LANGUAGE_STANDARD = gnu99;
				GCC_WARN_64_TO_32_BIT_CONVERSION = YES;
				GCC_WARN_ABOUT_RETURN_TYPE = YES_ERROR;
				GCC_WARN_UNDECLARED_SELECTOR = YES;
				GCC_WARN_UNINITIALIZED_AUTOS = YES_AGGRESSIVE;
				GCC_WARN_UNUSED_FUNCTION = YES;
				GCC_WARN_UNUSED_VARIABLE = YES;
				IPHONEOS_DEPLOYMENT_TARGET = 8.2;
				MTL_ENABLE_DEBUG_INFO = NO;
				SDKROOT = iphoneos;
				VALIDATE_PRODUCT = YES;
			};
			name = Release;
		};
		BC330D4C1AC9053B009F3E6B /* Debug */ = {
			isa = XCBuildConfiguration;
			buildSettings = {
				ASSETCATALOG_COMPILER_APPICON_NAME = AppIcon;
				INFOPLIST_FILE = 1111/Info.plist;
				LD_RUNPATH_SEARCH_PATHS = "$(inherited) @executable_path/Frameworks";
				PRODUCT_NAME = "$(TARGET_NAME)";
			};
			name = Debug;
		};
		BC330D4D1AC9053B009F3E6B /* Release */ = {
			isa = XCBuildConfiguration;
			buildSettings = {
				ASSETCATALOG_COMPILER_APPICON_NAME = AppIcon;
				INFOPLIST_FILE = 1111/Info.plist;
				LD_RUNPATH_SEARCH_PATHS = "$(inherited) @executable_path/Frameworks";
				PRODUCT_NAME = "$(TARGET_NAME)";
			};
			name = Release;
		};
		BC330D4F1AC9053B009F3E6B /* Debug */ = {
			isa = XCBuildConfiguration;
			buildSettings = {
				BUNDLE_LOADER = "$(TEST_HOST)";
				FRAMEWORK_SEARCH_PATHS = (
					"$(SDKROOT)/Developer/Library/Frameworks",
					"$(inherited)",
				);
				GCC_PREPROCESSOR_DEFINITIONS = (
					"DEBUG=1",
					"$(inherited)",
				);
				INFOPLIST_FILE = 1111Tests/Info.plist;
				LD_RUNPATH_SEARCH_PATHS = "$(inherited) @executable_path/Frameworks @loader_path/Frameworks";
				PRODUCT_NAME = "$(TARGET_NAME)";
				TEST_HOST = "$(BUILT_PRODUCTS_DIR)/1111.app/1111";
			};
			name = Debug;
		};
		BC330D501AC9053B009F3E6B /* Release */ = {
			isa = XCBuildConfiguration;
			buildSettings = {
				BUNDLE_LOADER = "$(TEST_HOST)";
				FRAMEWORK_SEARCH_PATHS = (
					"$(SDKROOT)/Developer/Library/Frameworks",
					"$(inherited)",
				);
				INFOPLIST_FILE = 1111Tests/Info.plist;
				LD_RUNPATH_SEARCH_PATHS = "$(inherited) @executable_path/Frameworks @loader_path/Frameworks";
				PRODUCT_NAME = "$(TARGET_NAME)";
				TEST_HOST = "$(BUILT_PRODUCTS_DIR)/1111.app/1111";
			};
			name = Release;
		};
/* End XCBuildConfiguration section */

/* Begin XCConfigurationList section */
		BC330D231AC9053A009F3E6B /* Build configuration list for PBXProject "1111" */ = {
			isa = XCConfigurationList;
			buildConfigurations = (
				BC330D491AC9053B009F3E6B /* Debug */,
				BC330D4A1AC9053B009F3E6B /* Release */,
			);
			defaultConfigurationIsVisible = 0;
			defaultConfigurationName = Release;
		};
		BC330D4B1AC9053B009F3E6B /* Build configuration list for PBXNativeTarget "1111" */ = {
			isa = XCConfigurationList;
			buildConfigurations = (
				BC330D4C1AC9053B009F3E6B /* Debug */,
				BC330D4D1AC9053B009F3E6B /* Release */,
			);
			defaultConfigurationIsVisible = 0;
		};
		BC330D4E1AC9053B009F3E6B /* Build configuration list for PBXNativeTarget "1111Tests" */ = {
			isa = XCConfigurationList;
			buildConfigurations = (
				BC330D4F1AC9053B009F3E6B /* Debug */,
				BC330D501AC9053B009F3E6B /* Release */,
			);
			defaultConfigurationIsVisible = 0;
		};
/* End XCConfigurationList section */
	};
	rootObject = BC330D201AC9053A009F3E6B /* Project object */;
}
